
Microsoft Visual Studio Solution File, Format Version 12.00
# Visual Studio 2013
VisualStudioVersion = 12.0.21005.1
MinimumVisualStudioVersion = 10.0.40219.1
Project("{FAE04EC0-301F-11D3-BF4B-00C04F79EFBC}") = "SETest", "SETest\SETest.csproj", "{699AA2C6-7489-4AB2-819B-795E67E59574}"
EndProject
Project("{8BC9CEB8-8B4A-11D0-8D11-00A0C91BC942}") = "ManagedSyncEngine", "ManagedSyncEngine\ManagedSyncEngine.vcxproj", "{DB44E48B-C271-4B02-8482-D41F1B4484FB}"
EndProject
Project("{8BC9CEB8-8B4A-11D0-8D11-00A0C91BC942}") = "ColligoSyncEngine", "briefcase-common\generated_vs12_winrt\ColligoSyncEngine.vcxproj", "{BBD41E9A-FE71-473D-9584-3FB974A13B3D}"
EndProject
Project("{8BC9CEB8-8B4A-11D0-8D11-00A0C91BC942}") = "ColligoAuthEngine", "briefcase-common\ColligoSyncEngine\libraries\genuine\generated_vs2012\ColligoAuthEngine.vcxproj", "{8556995E-6BED-46BB-B2DB-7D6FF741A001}"
EndProject
Global
	GlobalSection(SolutionConfigurationPlatforms) = preSolution
		Debug|Any CPU = Debug|Any CPU
		Debug|ARM = Debug|ARM
		Debug|Mixed Platforms = Debug|Mixed Platforms
		Debug|Win32 = Debug|Win32
		Debug|x64 = Debug|x64
		Debug|x86 = Debug|x86
		MinSizeRel|Any CPU = MinSizeRel|Any CPU
		MinSizeRel|ARM = MinSizeRel|ARM
		MinSizeRel|Mixed Platforms = MinSizeRel|Mixed Platforms
		MinSizeRel|Win32 = MinSizeRel|Win32
		MinSizeRel|x64 = MinSizeRel|x64
		MinSizeRel|x86 = MinSizeRel|x86
		Release|Any CPU = Release|Any CPU
		Release|ARM = Release|ARM
		Release|Mixed Platforms = Release|Mixed Platforms
		Release|Win32 = Release|Win32
		Release|x64 = Release|x64
		Release|x86 = Release|x86
		RelWithDebInfo|Any CPU = RelWithDebInfo|Any CPU
		RelWithDebInfo|ARM = RelWithDebInfo|ARM
		RelWithDebInfo|Mixed Platforms = RelWithDebInfo|Mixed Platforms
		RelWithDebInfo|Win32 = RelWithDebInfo|Win32
		RelWithDebInfo|x64 = RelWithDebInfo|x64
		RelWithDebInfo|x86 = RelWithDebInfo|x86
	EndGlobalSection
	GlobalSection(ProjectConfigurationPlatforms) = postSolution
		{699AA2C6-7489-4AB2-819B-795E67E59574}.Debug|Any CPU.ActiveCfg = Debug|Any CPU
		{699AA2C6-7489-4AB2-819B-795E67E59574}.Debug|Any CPU.Build.0 = Debug|Any CPU
		{699AA2C6-7489-4AB2-819B-795E67E59574}.Debug|Any CPU.Deploy.0 = Debug|Any CPU
		{699AA2C6-7489-4AB2-819B-795E67E59574}.Debug|ARM.ActiveCfg = Debug|ARM
		{699AA2C6-7489-4AB2-819B-795E67E59574}.Debug|ARM.Build.0 = Debug|ARM
		{699AA2C6-7489-4AB2-819B-795E67E59574}.Debug|ARM.Deploy.0 = Debug|ARM
		{699AA2C6-7489-4AB2-819B-795E67E59574}.Debug|Mixed Platforms.ActiveCfg = Debug|x86
		{699AA2C6-7489-4AB2-819B-795E67E59574}.Debug|Mixed Platforms.Build.0 = Debug|x86
		{699AA2C6-7489-4AB2-819B-795E67E59574}.Debug|Mixed Platforms.Deploy.0 = Debug|x86
		{699AA2C6-7489-4AB2-819B-795E67E59574}.Debug|Win32.ActiveCfg = Debug|x86
		{699AA2C6-7489-4AB2-819B-795E67E59574}.Debug|Win32.Build.0 = Debug|x86
		{699AA2C6-7489-4AB2-819B-795E67E59574}.Debug|Win32.Deploy.0 = Debug|x86
		{699AA2C6-7489-4AB2-819B-795E67E59574}.Debug|x64.ActiveCfg = Debug|x64
		{699AA2C6-7489-4AB2-819B-795E67E59574}.Debug|x64.Build.0 = Debug|x64
		{699AA2C6-7489-4AB2-819B-795E67E59574}.Debug|x64.Deploy.0 = Debug|x64
		{699AA2C6-7489-4AB2-819B-795E67E59574}.Debug|x86.ActiveCfg = Debug|x86
		{699AA2C6-7489-4AB2-819B-795E67E59574}.Debug|x86.Build.0 = Debug|x86
		{699AA2C6-7489-4AB2-819B-795E67E59574}.Debug|x86.Deploy.0 = Debug|x86
		{699AA2C6-7489-4AB2-819B-795E67E59574}.MinSizeRel|Any CPU.ActiveCfg = Release|Any CPU
		{699AA2C6-7489-4AB2-819B-795E67E59574}.MinSizeRel|Any CPU.Build.0 = Release|Any CPU
		{699AA2C6-7489-4AB2-819B-795E67E59574}.MinSizeRel|Any CPU.Deploy.0 = Release|Any CPU
		{699AA2C6-7489-4AB2-819B-795E67E59574}.MinSizeRel|ARM.ActiveCfg = Release|ARM
		{699AA2C6-7489-4AB2-819B-795E67E59574}.MinSizeRel|ARM.Build.0 = Release|ARM
		{699AA2C6-7489-4AB2-819B-795E67E59574}.MinSizeRel|ARM.Deploy.0 = Release|ARM
		{699AA2C6-7489-4AB2-819B-795E67E59574}.MinSizeRel|Mixed Platforms.ActiveCfg = Release|x86
		{699AA2C6-7489-4AB2-819B-795E67E59574}.MinSizeRel|Mixed Platforms.Build.0 = Release|x86
		{699AA2C6-7489-4AB2-819B-795E67E59574}.MinSizeRel|Mixed Platforms.Deploy.0 = Release|x86
		{699AA2C6-7489-4AB2-819B-795E67E59574}.MinSizeRel|Win32.ActiveCfg = Release|x86
		{699AA2C6-7489-4AB2-819B-795E67E59574}.MinSizeRel|Win32.Build.0 = Release|x86
		{699AA2C6-7489-4AB2-819B-795E67E59574}.MinSizeRel|Win32.Deploy.0 = Release|x86
		{699AA2C6-7489-4AB2-819B-795E67E59574}.MinSizeRel|x64.ActiveCfg = Release|x64
		{699AA2C6-7489-4AB2-819B-795E67E59574}.MinSizeRel|x64.Build.0 = Release|x64
		{699AA2C6-7489-4AB2-819B-795E67E59574}.MinSizeRel|x64.Deploy.0 = Release|x64
		{699AA2C6-7489-4AB2-819B-795E67E59574}.MinSizeRel|x86.ActiveCfg = Release|x86
		{699AA2C6-7489-4AB2-819B-795E67E59574}.MinSizeRel|x86.Build.0 = Release|x86
		{699AA2C6-7489-4AB2-819B-795E67E59574}.MinSizeRel|x86.Deploy.0 = Release|x86
		{699AA2C6-7489-4AB2-819B-795E67E59574}.Release|Any CPU.ActiveCfg = Release|Any CPU
		{699AA2C6-7489-4AB2-819B-795E67E59574}.Release|Any CPU.Build.0 = Release|Any CPU
		{699AA2C6-7489-4AB2-819B-795E67E59574}.Release|Any CPU.Deploy.0 = Release|Any CPU
		{699AA2C6-7489-4AB2-819B-795E67E59574}.Release|ARM.ActiveCfg = Release|ARM
		{699AA2C6-7489-4AB2-819B-795E67E59574}.Release|ARM.Build.0 = Release|ARM
		{699AA2C6-7489-4AB2-819B-795E67E59574}.Release|ARM.Deploy.0 = Release|ARM
		{699AA2C6-7489-4AB2-819B-795E67E59574}.Release|Mixed Platforms.ActiveCfg = Release|x86
		{699AA2C6-7489-4AB2-819B-795E67E59574}.Release|Mixed Platforms.Build.0 = Release|x86
		{699AA2C6-7489-4AB2-819B-795E67E59574}.Release|Mixed Platforms.Deploy.0 = Release|x86
		{699AA2C6-7489-4AB2-819B-795E67E59574}.Release|Win32.ActiveCfg = Release|x86
		{699AA2C6-7489-4AB2-819B-795E67E59574}.Release|Win32.Build.0 = Release|x86
		{699AA2C6-7489-4AB2-819B-795E67E59574}.Release|Win32.Deploy.0 = Release|x86
		{699AA2C6-7489-4AB2-819B-795E67E59574}.Release|x64.ActiveCfg = Release|x64
		{699AA2C6-7489-4AB2-819B-795E67E59574}.Release|x64.Build.0 = Release|x64
		{699AA2C6-7489-4AB2-819B-795E67E59574}.Release|x64.Deploy.0 = Release|x64
		{699AA2C6-7489-4AB2-819B-795E67E59574}.Release|x86.ActiveCfg = Release|x86
		{699AA2C6-7489-4AB2-819B-795E67E59574}.Release|x86.Build.0 = Release|x86
		{699AA2C6-7489-4AB2-819B-795E67E59574}.Release|x86.Deploy.0 = Release|x86
		{699AA2C6-7489-4AB2-819B-795E67E59574}.RelWithDebInfo|Any CPU.ActiveCfg = Release|Any CPU
		{699AA2C6-7489-4AB2-819B-795E67E59574}.RelWithDebInfo|Any CPU.Build.0 = Release|Any CPU
		{699AA2C6-7489-4AB2-819B-795E67E59574}.RelWithDebInfo|Any CPU.Deploy.0 = Release|Any CPU
		{699AA2C6-7489-4AB2-819B-795E67E59574}.RelWithDebInfo|ARM.ActiveCfg = Release|ARM
		{699AA2C6-7489-4AB2-819B-795E67E59574}.RelWithDebInfo|ARM.Build.0 = Release|ARM
		{699AA2C6-7489-4AB2-819B-795E67E59574}.RelWithDebInfo|ARM.Deploy.0 = Release|ARM
		{699AA2C6-7489-4AB2-819B-795E67E59574}.RelWithDebInfo|Mixed Platforms.ActiveCfg = Release|x86
		{699AA2C6-7489-4AB2-819B-795E67E59574}.RelWithDebInfo|Mixed Platforms.Build.0 = Release|x86
		{699AA2C6-7489-4AB2-819B-795E67E59574}.RelWithDebInfo|Mixed Platforms.Deploy.0 = Release|x86
		{699AA2C6-7489-4AB2-819B-795E67E59574}.RelWithDebInfo|Win32.ActiveCfg = Release|x86
		{699AA2C6-7489-4AB2-819B-795E67E59574}.RelWithDebInfo|Win32.Build.0 = Release|x86
		{699AA2C6-7489-4AB2-819B-795E67E59574}.RelWithDebInfo|Win32.Deploy.0 = Release|x86
		{699AA2C6-7489-4AB2-819B-795E67E59574}.RelWithDebInfo|x64.ActiveCfg = Release|x64
		{699AA2C6-7489-4AB2-819B-795E67E59574}.RelWithDebInfo|x64.Build.0 = Release|x64
		{699AA2C6-7489-4AB2-819B-795E67E59574}.RelWithDebInfo|x64.Deploy.0 = Release|x64
		{699AA2C6-7489-4AB2-819B-795E67E59574}.RelWithDebInfo|x86.ActiveCfg = Release|x86
		{699AA2C6-7489-4AB2-819B-795E67E59574}.RelWithDebInfo|x86.Build.0 = Release|x86
		{699AA2C6-7489-4AB2-819B-795E67E59574}.RelWithDebInfo|x86.Deploy.0 = Release|x86
		{DB44E48B-C271-4B02-8482-D41F1B4484FB}.Debug|Any CPU.ActiveCfg = Debug|Win32
		{DB44E48B-C271-4B02-8482-D41F1B4484FB}.Debug|ARM.ActiveCfg = Debug|ARM
		{DB44E48B-C271-4B02-8482-D41F1B4484FB}.Debug|ARM.Build.0 = Debug|ARM
		{DB44E48B-C271-4B02-8482-D41F1B4484FB}.Debug|Mixed Platforms.ActiveCfg = Debug|Win32
		{DB44E48B-C271-4B02-8482-D41F1B4484FB}.Debug|Mixed Platforms.Build.0 = Debug|Win32
		{DB44E48B-C271-4B02-8482-D41F1B4484FB}.Debug|Win32.ActiveCfg = Debug|Win32
		{DB44E48B-C271-4B02-8482-D41F1B4484FB}.Debug|Win32.Build.0 = Debug|Win32
		{DB44E48B-C271-4B02-8482-D41F1B4484FB}.Debug|x64.ActiveCfg = Debug|x64
		{DB44E48B-C271-4B02-8482-D41F1B4484FB}.Debug|x64.Build.0 = Debug|x64
		{DB44E48B-C271-4B02-8482-D41F1B4484FB}.Debug|x86.ActiveCfg = Debug|Win32
		{DB44E48B-C271-4B02-8482-D41F1B4484FB}.Debug|x86.Build.0 = Debug|Win32
		{DB44E48B-C271-4B02-8482-D41F1B4484FB}.MinSizeRel|Any CPU.ActiveCfg = Release|Win32
		{DB44E48B-C271-4B02-8482-D41F1B4484FB}.MinSizeRel|ARM.ActiveCfg = Release|ARM
		{DB44E48B-C271-4B02-8482-D41F1B4484FB}.MinSizeRel|ARM.Build.0 = Release|ARM
		{DB44E48B-C271-4B02-8482-D41F1B4484FB}.MinSizeRel|Mixed Platforms.ActiveCfg = Release|Win32
		{DB44E48B-C271-4B02-8482-D41F1B4484FB}.MinSizeRel|Mixed Platforms.Build.0 = Release|Win32
		{DB44E48B-C271-4B02-8482-D41F1B4484FB}.MinSizeRel|Win32.ActiveCfg = Release|Win32
		{DB44E48B-C271-4B02-8482-D41F1B4484FB}.MinSizeRel|Win32.Build.0 = Release|Win32
		{DB44E48B-C271-4B02-8482-D41F1B4484FB}.MinSizeRel|x64.ActiveCfg = Release|x64
		{DB44E48B-C271-4B02-8482-D41F1B4484FB}.MinSizeRel|x64.Build.0 = Release|x64
		{DB44E48B-C271-4B02-8482-D41F1B4484FB}.MinSizeRel|x86.ActiveCfg = Release|Win32
		{DB44E48B-C271-4B02-8482-D41F1B4484FB}.MinSizeRel|x86.Build.0 = Release|Win32
		{DB44E48B-C271-4B02-8482-D41F1B4484FB}.Release|Any CPU.ActiveCfg = Release|Win32
		{DB44E48B-C271-4B02-8482-D41F1B4484FB}.Release|ARM.ActiveCfg = Release|ARM
		{DB44E48B-C271-4B02-8482-D41F1B4484FB}.Release|ARM.Build.0 = Release|ARM
		{DB44E48B-C271-4B02-8482-D41F1B4484FB}.Release|Mixed Platforms.ActiveCfg = Release|Win32
		{DB44E48B-C271-4B02-8482-D41F1B4484FB}.Release|Mixed Platforms.Build.0 = Release|Win32
		{DB44E48B-C271-4B02-8482-D41F1B4484FB}.Release|Win32.ActiveCfg = Release|Win32
		{DB44E48B-C271-4B02-8482-D41F1B4484FB}.Release|Win32.Build.0 = Release|Win32
		{DB44E48B-C271-4B02-8482-D41F1B4484FB}.Release|x64.ActiveCfg = Release|x64
		{DB44E48B-C271-4B02-8482-D41F1B4484FB}.Release|x64.Build.0 = Release|x64
		{DB44E48B-C271-4B02-8482-D41F1B4484FB}.Release|x86.ActiveCfg = Release|Win32
		{DB44E48B-C271-4B02-8482-D41F1B4484FB}.Release|x86.Build.0 = Release|Win32
		{DB44E48B-C271-4B02-8482-D41F1B4484FB}.RelWithDebInfo|Any CPU.ActiveCfg = Release|Win32
		{DB44E48B-C271-4B02-8482-D41F1B4484FB}.RelWithDebInfo|ARM.ActiveCfg = Release|ARM
		{DB44E48B-C271-4B02-8482-D41F1B4484FB}.RelWithDebInfo|ARM.Build.0 = Release|ARM
		{DB44E48B-C271-4B02-8482-D41F1B4484FB}.RelWithDebInfo|Mixed Platforms.ActiveCfg = Release|Win32
		{DB44E48B-C271-4B02-8482-D41F1B4484FB}.RelWithDebInfo|Mixed Platforms.Build.0 = Release|Win32
		{DB44E48B-C271-4B02-8482-D41F1B4484FB}.RelWithDebInfo|Win32.ActiveCfg = Release|Win32
		{DB44E48B-C271-4B02-8482-D41F1B4484FB}.RelWithDebInfo|Win32.Build.0 = Release|Win32
		{DB44E48B-C271-4B02-8482-D41F1B4484FB}.RelWithDebInfo|x64.ActiveCfg = Release|x64
		{DB44E48B-C271-4B02-8482-D41F1B4484FB}.RelWithDebInfo|x64.Build.0 = Release|x64
		{DB44E48B-C271-4B02-8482-D41F1B4484FB}.RelWithDebInfo|x86.ActiveCfg = Release|Win32
		{DB44E48B-C271-4B02-8482-D41F1B4484FB}.RelWithDebInfo|x86.Build.0 = Release|Win32
		{BBD41E9A-FE71-473D-9584-3FB974A13B3D}.Debug|Any CPU.ActiveCfg = Debug|Win32
		{BBD41E9A-FE71-473D-9584-3FB974A13B3D}.Debug|ARM.ActiveCfg = Debug|Win32
		{BBD41E9A-FE71-473D-9584-3FB974A13B3D}.Debug|Mixed Platforms.ActiveCfg = Debug|Win32
		{BBD41E9A-FE71-473D-9584-3FB974A13B3D}.Debug|Mixed Platforms.Build.0 = Debug|Win32
		{BBD41E9A-FE71-473D-9584-3FB974A13B3D}.Debug|Win32.ActiveCfg = Debug|Win32
		{BBD41E9A-FE71-473D-9584-3FB974A13B3D}.Debug|Win32.Build.0 = Debug|Win32
		{BBD41E9A-FE71-473D-9584-3FB974A13B3D}.Debug|x64.ActiveCfg = Debug|Win32
		{BBD41E9A-FE71-473D-9584-3FB974A13B3D}.Debug|x86.ActiveCfg = Debug|Win32
		{BBD41E9A-FE71-473D-9584-3FB974A13B3D}.Debug|x86.Build.0 = Debug|Win32
		{BBD41E9A-FE71-473D-9584-3FB974A13B3D}.MinSizeRel|Any CPU.ActiveCfg = MinSizeRel|Win32
		{BBD41E9A-FE71-473D-9584-3FB974A13B3D}.MinSizeRel|ARM.ActiveCfg = MinSizeRel|Win32
		{BBD41E9A-FE71-473D-9584-3FB974A13B3D}.MinSizeRel|Mixed Platforms.ActiveCfg = MinSizeRel|Win32
		{BBD41E9A-FE71-473D-9584-3FB974A13B3D}.MinSizeRel|Mixed Platforms.Build.0 = MinSizeRel|Win32
		{BBD41E9A-FE71-473D-9584-3FB974A13B3D}.MinSizeRel|Win32.ActiveCfg = MinSizeRel|Win32
		{BBD41E9A-FE71-473D-9584-3FB974A13B3D}.MinSizeRel|Win32.Build.0 = MinSizeRel|Win32
		{BBD41E9A-FE71-473D-9584-3FB974A13B3D}.MinSizeRel|x64.ActiveCfg = MinSizeRel|Win32
		{BBD41E9A-FE71-473D-9584-3FB974A13B3D}.MinSizeRel|x86.ActiveCfg = MinSizeRel|Win32
		{BBD41E9A-FE71-473D-9584-3FB974A13B3D}.MinSizeRel|x86.Build.0 = MinSizeRel|Win32
		{BBD41E9A-FE71-473D-9584-3FB974A13B3D}.Release|Any CPU.ActiveCfg = Release|Win32
		{BBD41E9A-FE71-473D-9584-3FB974A13B3D}.Release|ARM.ActiveCfg = Release|Win32
		{BBD41E9A-FE71-473D-9584-3FB974A13B3D}.Release|Mixed Platforms.ActiveCfg = Release|Win32
		{BBD41E9A-FE71-473D-9584-3FB974A13B3D}.Release|Mixed Platforms.Build.0 = Release|Win32
		{BBD41E9A-FE71-473D-9584-3FB974A13B3D}.Release|Win32.ActiveCfg = Release|Win32
		{BBD41E9A-FE71-473D-9584-3FB974A13B3D}.Release|Win32.Build.0 = Release|Win32
		{BBD41E9A-FE71-473D-9584-3FB974A13B3D}.Release|x64.ActiveCfg = Release|Win32
		{BBD41E9A-FE71-473D-9584-3FB974A13B3D}.Release|x86.ActiveCfg = Release|Win32
		{BBD41E9A-FE71-473D-9584-3FB974A13B3D}.Release|x86.Build.0 = Release|Win32
		{BBD41E9A-FE71-473D-9584-3FB974A13B3D}.RelWithDebInfo|Any CPU.ActiveCfg = RelWithDebInfo|Win32
		{BBD41E9A-FE71-473D-9584-3FB974A13B3D}.RelWithDebInfo|ARM.ActiveCfg = RelWithDebInfo|Win32
		{BBD41E9A-FE71-473D-9584-3FB974A13B3D}.RelWithDebInfo|Mixed Platforms.ActiveCfg = RelWithDebInfo|Win32
		{BBD41E9A-FE71-473D-9584-3FB974A13B3D}.RelWithDebInfo|Mixed Platforms.Build.0 = RelWithDebInfo|Win32
		{BBD41E9A-FE71-473D-9584-3FB974A13B3D}.RelWithDebInfo|Win32.ActiveCfg = RelWithDebInfo|Win32
		{BBD41E9A-FE71-473D-9584-3FB974A13B3D}.RelWithDebInfo|Win32.Build.0 = RelWithDebInfo|Win32
		{BBD41E9A-FE71-473D-9584-3FB974A13B3D}.RelWithDebInfo|x64.ActiveCfg = RelWithDebInfo|Win32
		{BBD41E9A-FE71-473D-9584-3FB974A13B3D}.RelWithDebInfo|x86.ActiveCfg = RelWithDebInfo|Win32
		{BBD41E9A-FE71-473D-9584-3FB974A13B3D}.RelWithDebInfo|x86.Build.0 = RelWithDebInfo|Win32
		{8556995E-6BED-46BB-B2DB-7D6FF741A001}.Debug|Any CPU.ActiveCfg = Debug|Win32
		{8556995E-6BED-46BB-B2DB-7D6FF741A001}.Debug|ARM.ActiveCfg = Debug|Win32
		{8556995E-6BED-46BB-B2DB-7D6FF741A001}.Debug|Mixed Platforms.ActiveCfg = Debug|Win32
		{8556995E-6BED-46BB-B2DB-7D6FF741A001}.Debug|Mixed Platforms.Build.0 = Debug|Win32
		{8556995E-6BED-46BB-B2DB-7D6FF741A001}.Debug|Win32.ActiveCfg = Debug|Win32
		{8556995E-6BED-46BB-B2DB-7D6FF741A001}.Debug|Win32.Build.0 = Debug|Win32
		{8556995E-6BED-46BB-B2DB-7D6FF741A001}.Debug|x64.ActiveCfg = Debug|Win32
		{8556995E-6BED-46BB-B2DB-7D6FF741A001}.Debug|x86.ActiveCfg = Debug|Win32
		{8556995E-6BED-46BB-B2DB-7D6FF741A001}.Debug|x86.Build.0 = Debug|Win32
		{8556995E-6BED-46BB-B2DB-7D6FF741A001}.MinSizeRel|Any CPU.ActiveCfg = MinSizeRel|Win32
		{8556995E-6BED-46BB-B2DB-7D6FF741A001}.MinSizeRel|ARM.ActiveCfg = MinSizeRel|Win32
		{8556995E-6BED-46BB-B2DB-7D6FF741A001}.MinSizeRel|Mixed Platforms.ActiveCfg = MinSizeRel|Win32
		{8556995E-6BED-46BB-B2DB-7D6FF741A001}.MinSizeRel|Mixed Platforms.Build.0 = MinSizeRel|Win32
		{8556995E-6BED-46BB-B2DB-7D6FF741A001}.MinSizeRel|Win32.ActiveCfg = MinSizeRel|Win32
		{8556995E-6BED-46BB-B2DB-7D6FF741A001}.MinSizeRel|Win32.Build.0 = MinSizeRel|Win32
		{8556995E-6BED-46BB-B2DB-7D6FF741A001}.MinSizeRel|x64.ActiveCfg = MinSizeRel|Win32
		{8556995E-6BED-46BB-B2DB-7D6FF741A001}.MinSizeRel|x86.ActiveCfg = MinSizeRel|Win32
		{8556995E-6BED-46BB-B2DB-7D6FF741A001}.MinSizeRel|x86.Build.0 = MinSizeRel|Win32
		{8556995E-6BED-46BB-B2DB-7D6FF741A001}.Release|Any CPU.ActiveCfg = Release|Win32
		{8556995E-6BED-46BB-B2DB-7D6FF741A001}.Release|ARM.ActiveCfg = Release|Win32
		{8556995E-6BED-46BB-B2DB-7D6FF741A001}.Release|Mixed Platforms.ActiveCfg = Release|Win32
		{8556995E-6BED-46BB-B2DB-7D6FF741A001}.Release|Mixed Platforms.Build.0 = Release|Win32
		{8556995E-6BED-46BB-B2DB-7D6FF741A001}.Release|Win32.ActiveCfg = Release|Win32
		{8556995E-6BED-46BB-B2DB-7D6FF741A001}.Release|Win32.Build.0 = Release|Win32
		{8556995E-6BED-46BB-B2DB-7D6FF741A001}.Release|x64.ActiveCfg = Release|Win32
		{8556995E-6BED-46BB-B2DB-7D6FF741A001}.Release|x86.ActiveCfg = Release|Win32
		{8556995E-6BED-46BB-B2DB-7D6FF741A001}.Release|x86.Build.0 = Release|Win32
		{8556995E-6BED-46BB-B2DB-7D6FF741A001}.RelWithDebInfo|Any CPU.ActiveCfg = RelWithDebInfo|Win32
		{8556995E-6BED-46BB-B2DB-7D6FF741A001}.RelWithDebInfo|ARM.ActiveCfg = RelWithDebInfo|Win32
		{8556995E-6BED-46BB-B2DB-7D6FF741A001}.RelWithDebInfo|Mixed Platforms.ActiveCfg = RelWithDebInfo|Win32
		{8556995E-6BED-46BB-B2DB-7D6FF741A001}.RelWithDebInfo|Mixed Platforms.Build.0 = RelWithDebInfo|Win32
		{8556995E-6BED-46BB-B2DB-7D6FF741A001}.RelWithDebInfo|Win32.ActiveCfg = RelWithDebInfo|Win32
		{8556995E-6BED-46BB-B2DB-7D6FF741A001}.RelWithDebInfo|Win32.Build.0 = RelWithDebInfo|Win32
		{8556995E-6BED-46BB-B2DB-7D6FF741A001}.RelWithDebInfo|x64.ActiveCfg = RelWithDebInfo|Win32
		{8556995E-6BED-46BB-B2DB-7D6FF741A001}.RelWithDebInfo|x86.ActiveCfg = RelWithDebInfo|Win32
		{8556995E-6BED-46BB-B2DB-7D6FF741A001}.RelWithDebInfo|x86.Build.0 = RelWithDebInfo|Win32
	EndGlobalSection
	GlobalSection(SolutionProperties) = preSolution
		HideSolutionNode = FALSE
	EndGlobalSection
EndGlobal
